
Microsoft Visual Studio Solution File, Format Version 12.00
# Visual Studio 15
VisualStudioVersion = 15.0.27130.2010
MinimumVisualStudioVersion = 10.0.40219.1
Project("{FAE04EC0-301F-11D3-BF4B-00C04F79EFBC}") = "ZZTOA", "ZZTOA\ZZTOA.csproj", "{41A34E89-FA2B-4D34-A86E-497E97599E68}"
EndProject
Project("{FAE04EC0-301F-11D3-BF4B-00C04F79EFBC}") = "ZZTOA_Data", "ZZTOA_Data\ZZTOA_Data.csproj", "{657B6DE7-D06D-4D0A-AB5C-30206B6786CA}"
EndProject
Project("{FAE04EC0-301F-11D3-BF4B-00C04F79EFBC}") = "ZZTOA_DAL", "ZZTOA_DAL\ZZTOA_DAL.csproj", "{DB6562EC-D174-4A32-A557-F24369D5F41D}"
EndProject
Project("{FAE04EC0-301F-11D3-BF4B-00C04F79EFBC}") = "ZZTOA_BLL", "ZZTOA_BLL\ZZTOA_BLL.csproj", "{4A1C9BEA-FAD0-4215-849D-3301F83B07E2}"
EndProject
Project("{FAE04EC0-301F-11D3-BF4B-00C04F79EFBC}") = "ZZTOA_Model", "ZZTOA_Model\ZZTOA_Model.csproj", "{E8F17AC4-B937-41A0-BB16-8EFC5F51A579}"
EndProject
Project("{FAE04EC0-301F-11D3-BF4B-00C04F79EFBC}") = "ZZTOA__APIModel", "ZZTOA__APIModel\ZZTOA__APIModel.csproj", "{DA34F51F-6AF2-4210-8A0A-67EE4038BF6A}"
EndProject
Project("{FAE04EC0-301F-11D3-BF4B-00C04F79EFBC}") = "ZZTOA_API", "ZZTOA_API\ZZTOA_API.csproj", "{056B5CA9-86BA-4BDD-A5C4-2797C9E61641}"
EndProject
Global
	GlobalSection(SolutionConfigurationPlatforms) = preSolution
		Debug|Any CPU = Debug|Any CPU
		Release|Any CPU = Release|Any CPU
	EndGlobalSection
	GlobalSection(ProjectConfigurationPlatforms) = postSolution
		{41A34E89-FA2B-4D34-A86E-497E97599E68}.Debug|Any CPU.ActiveCfg = Debug|Any CPU
		{41A34E89-FA2B-4D34-A86E-497E97599E68}.Debug|Any CPU.Build.0 = Debug|Any CPU
		{41A34E89-FA2B-4D34-A86E-497E97599E68}.Release|Any CPU.ActiveCfg = Release|Any CPU
		{41A34E89-FA2B-4D34-A86E-497E97599E68}.Release|Any CPU.Build.0 = Release|Any CPU
		{657B6DE7-D06D-4D0A-AB5C-30206B6786CA}.Debug|Any CPU.ActiveCfg = Debug|Any CPU
		{657B6DE7-D06D-4D0A-AB5C-30206B6786CA}.Debug|Any CPU.Build.0 = Debug|Any CPU
		{657B6DE7-D06D-4D0A-AB5C-30206B6786CA}.Release|Any CPU.ActiveCfg = Release|Any CPU
		{657B6DE7-D06D-4D0A-AB5C-30206B6786CA}.Release|Any CPU.Build.0 = Release|Any CPU
		{DB6562EC-D174-4A32-A557-F24369D5F41D}.Debug|Any CPU.ActiveCfg = Debug|Any CPU
		{DB6562EC-D174-4A32-A557-F24369D5F41D}.Debug|Any CPU.Build.0 = Debug|Any CPU
		{DB6562EC-D174-4A32-A557-F24369D5F41D}.Release|Any CPU.ActiveCfg = Release|Any CPU
		{DB6562EC-D174-4A32-A557-F24369D5F41D}.Release|Any CPU.Build.0 = Release|Any CPU
		{4A1C9BEA-FAD0-4215-849D-3301F83B07E2}.Debug|Any CPU.ActiveCfg = Debug|Any CPU
		{4A1C9BEA-FAD0-4215-849D-3301F83B07E2}.Debug|Any CPU.Build.0 = Debug|Any CPU
		{4A1C9BEA-FAD0-4215-849D-3301F83B07E2}.Release|Any CPU.ActiveCfg = Release|Any CPU
		{4A1C9BEA-FAD0-4215-849D-3301F83B07E2}.Release|Any CPU.Build.0 = Release|Any CPU
		{E8F17AC4-B937-41A0-BB16-8EFC5F51A579}.Debug|Any CPU.ActiveCfg = Debug|Any CPU
		{E8F17AC4-B937-41A0-BB16-8EFC5F51A579}.Debug|Any CPU.Build.0 = Debug|Any CPU
		{E8F17AC4-B937-41A0-BB16-8EFC5F51A579}.Release|Any CPU.ActiveCfg = Release|Any CPU
		{E8F17AC4-B937-41A0-BB16-8EFC5F51A579}.Release|Any CPU.Build.0 = Release|Any CPU
		{DA34F51F-6AF2-4210-8A0A-67EE4038BF6A}.Debug|Any CPU.ActiveCfg = Debug|Any CPU
		{DA34F51F-6AF2-4210-8A0A-67EE4038BF6A}.Debug|Any CPU.Build.0 = Debug|Any CPU
		{DA34F51F-6AF2-4210-8A0A-67EE4038BF6A}.Release|Any CPU.ActiveCfg = Release|Any CPU
		{DA34F51F-6AF2-4210-8A0A-67EE4038BF6A}.Release|Any CPU.Build.0 = Release|Any CPU
		{056B5CA9-86BA-4BDD-A5C4-2797C9E61641}.Debug|Any CPU.ActiveCfg = Debug|Any CPU
		{056B5CA9-86BA-4BDD-A5C4-2797C9E61641}.Debug|Any CPU.Build.0 = Debug|Any CPU
		{056B5CA9-86BA-4BDD-A5C4-2797C9E61641}.Release|Any CPU.ActiveCfg = Release|Any CPU
		{056B5CA9-86BA-4BDD-A5C4-2797C9E61641}.Release|Any CPU.Build.0 = Release|Any CPU
	EndGlobalSection
	GlobalSection(SolutionProperties) = preSolution
		HideSolutionNode = FALSE
	EndGlobalSection
	GlobalSection(ExtensibilityGlobals) = postSolution
		SolutionGuid = {61C57764-7D4E-4151-AB7B-1BF720C093B7}
	EndGlobalSection
EndGlobal
